
Microsoft Visual Studio Solution File, Format Version 12.00
# Visual Studio 2012
Project("{FAE04EC0-301F-11D3-BF4B-00C04F79EFBC}") = "ApiaryBlueprintGenerator", "ApiaryBlueprintGenerator\ApiaryBlueprintGenerator.csproj", "{6A3B8DB9-C2AD-454E-AFCC-9FFB7FDB4651}"
EndProject
Global
	GlobalSection(SolutionConfigurationPlatforms) = preSolution
		Debug|Any CPU = Debug|Any CPU
		Release|Any CPU = Release|Any CPU
	EndGlobalSection
	GlobalSection(ProjectConfigurationPlatforms) = postSolution
		{6A3B8DB9-C2AD-454E-AFCC-9FFB7FDB4651}.Debug|Any CPU.ActiveCfg = Debug|Any CPU
		{6A3B8DB9-C2AD-454E-AFCC-9FFB7FDB4651}.Debug|Any CPU.Build.0 = Debug|Any CPU
		{6A3B8DB9-C2AD-454E-AFCC-9FFB7FDB4651}.Release|Any CPU.ActiveCfg = Release|Any CPU
		{6A3B8DB9-C2AD-454E-AFCC-9FFB7FDB4651}.Release|Any CPU.Build.0 = Release|Any CPU
	EndGlobalSection
	GlobalSection(SolutionProperties) = preSolution
		HideSolutionNode = FALSE
	EndGlobalSection
EndGlobal
